
Microsoft Visual Studio Solution File, Format Version 12.00
# Visual Studio Version 17
VisualStudioVersion = 17.1.32328.378
MinimumVisualStudioVersion = 10.0.40219.1
Project("{FAE04EC0-301F-11D3-BF4B-00C04F79EFBC}") = "TheftInCybercity", "TheftInCybercity\TheftInCybercity.csproj", "{AE149590-37B0-4E21-A24A-1690FAF11E7B}"
EndProject
Global
	GlobalSection(SolutionConfigurationPlatforms) = preSolution
		Debug|Any CPU = Debug|Any CPU
		Release|Any CPU = Release|Any CPU
	EndGlobalSection
	GlobalSection(ProjectConfigurationPlatforms) = postSolution
		{AE149590-37B0-4E21-A24A-1690FAF11E7B}.Debug|Any CPU.ActiveCfg = Debug|Any CPU
		{AE149590-37B0-4E21-A24A-1690FAF11E7B}.Debug|Any CPU.Build.0 = Debug|Any CPU
		{AE149590-37B0-4E21-A24A-1690FAF11E7B}.Release|Any CPU.ActiveCfg = Release|Any CPU
		{AE149590-37B0-4E21-A24A-1690FAF11E7B}.Release|Any CPU.Build.0 = Release|Any CPU
	EndGlobalSection
	GlobalSection(SolutionProperties) = preSolution
		HideSolutionNode = FALSE
	EndGlobalSection
	GlobalSection(ExtensibilityGlobals) = postSolution
		SolutionGuid = {C609E3B4-87C1-4194-A7E9-36298AA35E3E}
	EndGlobalSection
EndGlobal
